
Microsoft Visual Studio Solution File, Format Version 12.00
# Visual Studio Version 16
VisualStudioVersion = 16.0.30128.74
MinimumVisualStudioVersion = 10.0.40219.1
Project("{FAE04EC0-301F-11D3-BF4B-00C04F79EFBC}") = "snif", "snif.csproj", "{2175EA84-7562-47C2-B453-21D98ADA0826}"
EndProject
Global
	GlobalSection(SolutionConfigurationPlatforms) = preSolution
		Debug|Any CPU = Debug|Any CPU
		Release|Any CPU = Release|Any CPU
	EndGlobalSection
	GlobalSection(ProjectConfigurationPlatforms) = postSolution
		{2175EA84-7562-47C2-B453-21D98ADA0826}.Debug|Any CPU.ActiveCfg = Debug|Any CPU
		{2175EA84-7562-47C2-B453-21D98ADA0826}.Debug|Any CPU.Build.0 = Debug|Any CPU
		{2175EA84-7562-47C2-B453-21D98ADA0826}.Release|Any CPU.ActiveCfg = Release|Any CPU
		{2175EA84-7562-47C2-B453-21D98ADA0826}.Release|Any CPU.Build.0 = Release|Any CPU
	EndGlobalSection
	GlobalSection(SolutionProperties) = preSolution
		HideSolutionNode = FALSE
	EndGlobalSection
	GlobalSection(ExtensibilityGlobals) = postSolution
		SolutionGuid = {11A1DC30-497F-4ED0-8FE2-0076F4A9AEE3}
	EndGlobalSection
EndGlobal
